
Microsoft Visual Studio Solution File, Format Version 12.00
# Visual Studio Version 16
VisualStudioVersion = 16.0.30114.105
MinimumVisualStudioVersion = 10.0.40219.1
Project("{2150E333-8FDC-42A3-9474-1A3956D46DE8}") = "Solution Items", "Solution Items", "{C001829D-52DD-40BF-B4A4-CE6D3927F277}"
	ProjectSection(SolutionItems) = preProject
		Compile.note.txt = Compile.note.txt
		controller-design.txt = controller-design.txt
		database-design.txt = database-design.txt
		history.txt = history.txt
		Kik.history.txt = Kik.history.txt
		note.to.kik.txt = note.to.kik.txt
		todo.txt = todo.txt
	EndProjectSection
EndProject
Project("{2150E333-8FDC-42A3-9474-1A3956D46DE8}") = "00.NLib", "00.NLib", "{2631F465-25BD-488C-BDB2-6DE2B4FEFF0D}"
EndProject
Project("{FAE04EC0-301F-11D3-BF4B-00C04F79EFBC}") = "NLib", "00.NLib\NLib\NLib.csproj", "{41A9D6C0-C833-403F-9BC1-EECDC246A428}"
EndProject
Project("{FAE04EC0-301F-11D3-BF4B-00C04F79EFBC}") = "NLib.Reports", "00.NLib\NLib.Reports\NLib.Reports.csproj", "{5879D92A-F850-4A70-8D88-99D29F6A46F3}"
EndProject
Project("{2150E333-8FDC-42A3-9474-1A3956D46DE8}") = "99.Tools", "99.Tools", "{F46B6CD8-40ED-4CCB-A71B-16737D42CCAF}"
EndProject
Project("{2150E333-8FDC-42A3-9474-1A3956D46DE8}") = "01.VSIX", "01.VSIX", "{C3A3E044-AB53-4F9D-B3AA-8EA78E7BC08C}"
EndProject
Project("{2150E333-8FDC-42A3-9474-1A3956D46DE8}") = "02.RFREADER", "02.RFREADER", "{679D1294-4B7B-414B-BF10-45F8A5C812D7}"
	ProjectSection(SolutionItems) = preProject
		99.Tools\02.RFREADER\ICTransfer.exe = 99.Tools\02.RFREADER\ICTransfer.exe
		99.Tools\02.RFREADER\MasterCom.dll = 99.Tools\02.RFREADER\MasterCom.dll
		99.Tools\02.RFREADER\MasterRD.dll = 99.Tools\02.RFREADER\MasterRD.dll
		99.Tools\02.RFREADER\SL600 test.txt = 99.Tools\02.RFREADER\SL600 test.txt
		99.Tools\02.RFREADER\SL_Paper.dll = 99.Tools\02.RFREADER\SL_Paper.dll
	EndProjectSection
EndProject
Project("{2150E333-8FDC-42A3-9474-1A3956D46DE8}") = "ReportViewer", "ReportViewer", "{4D2D824C-239D-412E-BF53-6E6D24EB61BB}"
	ProjectSection(SolutionItems) = preProject
		99.Tools\01.VSIX\ReportViewer\Microsoft.DataTools.ReportingServices.z01 = 99.Tools\01.VSIX\ReportViewer\Microsoft.DataTools.ReportingServices.z01
		99.Tools\01.VSIX\ReportViewer\Microsoft.DataTools.ReportingServices.z02 = 99.Tools\01.VSIX\ReportViewer\Microsoft.DataTools.ReportingServices.z02
		99.Tools\01.VSIX\ReportViewer\Microsoft.DataTools.ReportingServices.zip = 99.Tools\01.VSIX\ReportViewer\Microsoft.DataTools.ReportingServices.zip
		99.Tools\01.VSIX\ReportViewer\Microsoft.RdlcDesigner.vsix = 99.Tools\01.VSIX\ReportViewer\Microsoft.RdlcDesigner.vsix
		99.Tools\01.VSIX\ReportViewer\note.txt = 99.Tools\01.VSIX\ReportViewer\note.txt
	EndProjectSection
EndProject
Project("{2150E333-8FDC-42A3-9474-1A3956D46DE8}") = "09.App", "09.App", "{34695A19-B2CE-4D84-ABC4-AFFB9E431B78}"
EndProject
Project("{2150E333-8FDC-42A3-9474-1A3956D46DE8}") = "01.Core", "01.Core", "{E919342E-35FF-47EA-ACEB-D38EB96AC064}"
EndProject
Project("{FAE04EC0-301F-11D3-BF4B-00C04F79EFBC}") = "01.DMT.Core", "01Core\01.DMT.Core\01.DMT.Core.csproj", "{DB7FB4B5-3662-479E-A7DA-26B73611BFD4}"
EndProject
Project("{FAE04EC0-301F-11D3-BF4B-00C04F79EFBC}") = "02.DMT.Smartcard", "01Core\02.DMT.Smartcard\02.DMT.Smartcard.csproj", "{5148ED2A-41FA-409C-BB41-36806D98BF81}"
EndProject
Project("{2150E333-8FDC-42A3-9474-1A3956D46DE8}") = "02.Models", "02.Models", "{707C6726-0547-4B0A-910B-99288C2D59CF}"
EndProject
Project("{FAE04EC0-301F-11D3-BF4B-00C04F79EFBC}") = "01.DMT.Models", "02.Models\01.DMT.Models\01.DMT.Models.csproj", "{7D584F0A-920F-4BE1-8652-3527FD7A5C27}"
EndProject
Project("{2150E333-8FDC-42A3-9474-1A3956D46DE8}") = "05.Controls", "05.Controls", "{BB1CB701-50CA-47E0-821C-0784411EEE2E}"
EndProject
Project("{2150E333-8FDC-42A3-9474-1A3956D46DE8}") = "04.Web.Client", "04.Web.Client", "{6660AE27-C43F-4A31-A336-86A504EDDBB4}"
EndProject
Project("{2150E333-8FDC-42A3-9474-1A3956D46DE8}") = "03.Web.Server", "03.Web.Server", "{33BB3FBD-AA5E-423E-8A4E-C13B31C59613}"
EndProject
Project("{FAE04EC0-301F-11D3-BF4B-00C04F79EFBC}") = "01.DMT.Local.WebServer", "03.Web.Server\01.DMT.Local.WebServer\01.DMT.Local.WebServer.csproj", "{6EB3BCEA-B7D7-4C5D-812E-E3AAB7292AA0}"
EndProject
Global
	GlobalSection(SolutionConfigurationPlatforms) = preSolution
		Debug|Any CPU = Debug|Any CPU
		Release|Any CPU = Release|Any CPU
	EndGlobalSection
	GlobalSection(ProjectConfigurationPlatforms) = postSolution
		{41A9D6C0-C833-403F-9BC1-EECDC246A428}.Debug|Any CPU.ActiveCfg = Debug|Any CPU
		{41A9D6C0-C833-403F-9BC1-EECDC246A428}.Debug|Any CPU.Build.0 = Debug|Any CPU
		{41A9D6C0-C833-403F-9BC1-EECDC246A428}.Release|Any CPU.ActiveCfg = Release|Any CPU
		{41A9D6C0-C833-403F-9BC1-EECDC246A428}.Release|Any CPU.Build.0 = Release|Any CPU
		{5879D92A-F850-4A70-8D88-99D29F6A46F3}.Debug|Any CPU.ActiveCfg = Debug|Any CPU
		{5879D92A-F850-4A70-8D88-99D29F6A46F3}.Debug|Any CPU.Build.0 = Debug|Any CPU
		{5879D92A-F850-4A70-8D88-99D29F6A46F3}.Release|Any CPU.ActiveCfg = Release|Any CPU
		{5879D92A-F850-4A70-8D88-99D29F6A46F3}.Release|Any CPU.Build.0 = Release|Any CPU
		{DB7FB4B5-3662-479E-A7DA-26B73611BFD4}.Debug|Any CPU.ActiveCfg = Debug|Any CPU
		{DB7FB4B5-3662-479E-A7DA-26B73611BFD4}.Debug|Any CPU.Build.0 = Debug|Any CPU
		{DB7FB4B5-3662-479E-A7DA-26B73611BFD4}.Release|Any CPU.ActiveCfg = Release|Any CPU
		{DB7FB4B5-3662-479E-A7DA-26B73611BFD4}.Release|Any CPU.Build.0 = Release|Any CPU
		{5148ED2A-41FA-409C-BB41-36806D98BF81}.Debug|Any CPU.ActiveCfg = Debug|Any CPU
		{5148ED2A-41FA-409C-BB41-36806D98BF81}.Debug|Any CPU.Build.0 = Debug|Any CPU
		{5148ED2A-41FA-409C-BB41-36806D98BF81}.Release|Any CPU.ActiveCfg = Release|Any CPU
		{5148ED2A-41FA-409C-BB41-36806D98BF81}.Release|Any CPU.Build.0 = Release|Any CPU
		{7D584F0A-920F-4BE1-8652-3527FD7A5C27}.Debug|Any CPU.ActiveCfg = Debug|Any CPU
		{7D584F0A-920F-4BE1-8652-3527FD7A5C27}.Debug|Any CPU.Build.0 = Debug|Any CPU
		{7D584F0A-920F-4BE1-8652-3527FD7A5C27}.Release|Any CPU.ActiveCfg = Release|Any CPU
		{7D584F0A-920F-4BE1-8652-3527FD7A5C27}.Release|Any CPU.Build.0 = Release|Any CPU
		{6EB3BCEA-B7D7-4C5D-812E-E3AAB7292AA0}.Debug|Any CPU.ActiveCfg = Debug|Any CPU
		{6EB3BCEA-B7D7-4C5D-812E-E3AAB7292AA0}.Debug|Any CPU.Build.0 = Debug|Any CPU
		{6EB3BCEA-B7D7-4C5D-812E-E3AAB7292AA0}.Release|Any CPU.ActiveCfg = Release|Any CPU
		{6EB3BCEA-B7D7-4C5D-812E-E3AAB7292AA0}.Release|Any CPU.Build.0 = Release|Any CPU
	EndGlobalSection
	GlobalSection(SolutionProperties) = preSolution
		HideSolutionNode = FALSE
	EndGlobalSection
	GlobalSection(NestedProjects) = preSolution
		{41A9D6C0-C833-403F-9BC1-EECDC246A428} = {2631F465-25BD-488C-BDB2-6DE2B4FEFF0D}
		{5879D92A-F850-4A70-8D88-99D29F6A46F3} = {2631F465-25BD-488C-BDB2-6DE2B4FEFF0D}
		{C3A3E044-AB53-4F9D-B3AA-8EA78E7BC08C} = {F46B6CD8-40ED-4CCB-A71B-16737D42CCAF}
		{679D1294-4B7B-414B-BF10-45F8A5C812D7} = {F46B6CD8-40ED-4CCB-A71B-16737D42CCAF}
		{4D2D824C-239D-412E-BF53-6E6D24EB61BB} = {C3A3E044-AB53-4F9D-B3AA-8EA78E7BC08C}
		{DB7FB4B5-3662-479E-A7DA-26B73611BFD4} = {E919342E-35FF-47EA-ACEB-D38EB96AC064}
		{5148ED2A-41FA-409C-BB41-36806D98BF81} = {E919342E-35FF-47EA-ACEB-D38EB96AC064}
		{7D584F0A-920F-4BE1-8652-3527FD7A5C27} = {707C6726-0547-4B0A-910B-99288C2D59CF}
		{6EB3BCEA-B7D7-4C5D-812E-E3AAB7292AA0} = {33BB3FBD-AA5E-423E-8A4E-C13B31C59613}
	EndGlobalSection
	GlobalSection(ExtensibilityGlobals) = postSolution
		SolutionGuid = {3BFB056C-BEA2-46BD-B006-6BD410AF18BC}
	EndGlobalSection
EndGlobal
