
Microsoft Visual Studio Solution File, Format Version 12.00
# Visual Studio Version 16
VisualStudioVersion = 16.0.30114.105
MinimumVisualStudioVersion = 10.0.40219.1
Project("{2150E333-8FDC-42A3-9474-1A3956D46DE8}") = "Solution Items", "Solution Items", "{C001829D-52DD-40BF-B4A4-CE6D3927F277}"
	ProjectSection(SolutionItems) = preProject
		Compile.note.txt = Compile.note.txt
		controller-design.txt = controller-design.txt
		database-design.txt = database-design.txt
		history.TA.txt = history.TA.txt
		history.txt = history.txt
		Kik.history.txt = Kik.history.txt
		MD5Sample.txt = MD5Sample.txt
		note.to.kik.txt = note.to.kik.txt
		owin.setting.txt = owin.setting.txt
		todo.txt = todo.txt
	EndProjectSection
EndProject
Project("{2150E333-8FDC-42A3-9474-1A3956D46DE8}") = "00.NLib", "00.NLib", "{2631F465-25BD-488C-BDB2-6DE2B4FEFF0D}"
EndProject
Project("{FAE04EC0-301F-11D3-BF4B-00C04F79EFBC}") = "NLib", "00.NLib\NLib\NLib.csproj", "{41A9D6C0-C833-403F-9BC1-EECDC246A428}"
EndProject
Project("{FAE04EC0-301F-11D3-BF4B-00C04F79EFBC}") = "NLib.Reports", "00.NLib\NLib.Reports\NLib.Reports.csproj", "{5879D92A-F850-4A70-8D88-99D29F6A46F3}"
EndProject
Project("{2150E333-8FDC-42A3-9474-1A3956D46DE8}") = "99.Tools", "99.Tools", "{F46B6CD8-40ED-4CCB-A71B-16737D42CCAF}"
EndProject
Project("{2150E333-8FDC-42A3-9474-1A3956D46DE8}") = "01.VSIX", "01.VSIX", "{C3A3E044-AB53-4F9D-B3AA-8EA78E7BC08C}"
EndProject
Project("{2150E333-8FDC-42A3-9474-1A3956D46DE8}") = "02.RFREADER", "02.RFREADER", "{679D1294-4B7B-414B-BF10-45F8A5C812D7}"
	ProjectSection(SolutionItems) = preProject
		99.Tools\02.RFREADER\ICTransfer.exe = 99.Tools\02.RFREADER\ICTransfer.exe
		99.Tools\02.RFREADER\MasterCom.dll = 99.Tools\02.RFREADER\MasterCom.dll
		99.Tools\02.RFREADER\MasterRD.dll = 99.Tools\02.RFREADER\MasterRD.dll
		99.Tools\02.RFREADER\SL600 test.txt = 99.Tools\02.RFREADER\SL600 test.txt
		99.Tools\02.RFREADER\SL_Paper.dll = 99.Tools\02.RFREADER\SL_Paper.dll
	EndProjectSection
EndProject
Project("{2150E333-8FDC-42A3-9474-1A3956D46DE8}") = "ReportViewer", "ReportViewer", "{4D2D824C-239D-412E-BF53-6E6D24EB61BB}"
	ProjectSection(SolutionItems) = preProject
		99.Tools\01.VSIX\ReportViewer\Microsoft.DataTools.ReportingServices.z01 = 99.Tools\01.VSIX\ReportViewer\Microsoft.DataTools.ReportingServices.z01
		99.Tools\01.VSIX\ReportViewer\Microsoft.DataTools.ReportingServices.z02 = 99.Tools\01.VSIX\ReportViewer\Microsoft.DataTools.ReportingServices.z02
		99.Tools\01.VSIX\ReportViewer\Microsoft.DataTools.ReportingServices.zip = 99.Tools\01.VSIX\ReportViewer\Microsoft.DataTools.ReportingServices.zip
		99.Tools\01.VSIX\ReportViewer\Microsoft.RdlcDesigner.vsix = 99.Tools\01.VSIX\ReportViewer\Microsoft.RdlcDesigner.vsix
		99.Tools\01.VSIX\ReportViewer\note.txt = 99.Tools\01.VSIX\ReportViewer\note.txt
	EndProjectSection
EndProject
Project("{2150E333-8FDC-42A3-9474-1A3956D46DE8}") = "09.App", "09.App", "{34695A19-B2CE-4D84-ABC4-AFFB9E431B78}"
EndProject
Project("{2150E333-8FDC-42A3-9474-1A3956D46DE8}") = "01.Core", "01.Core", "{E919342E-35FF-47EA-ACEB-D38EB96AC064}"
EndProject
Project("{FAE04EC0-301F-11D3-BF4B-00C04F79EFBC}") = "01.DMT.Core", "01Core\01.DMT.Core\01.DMT.Core.csproj", "{DB7FB4B5-3662-479E-A7DA-26B73611BFD4}"
EndProject
Project("{2150E333-8FDC-42A3-9474-1A3956D46DE8}") = "02.Models", "02.Models", "{707C6726-0547-4B0A-910B-99288C2D59CF}"
EndProject
Project("{FAE04EC0-301F-11D3-BF4B-00C04F79EFBC}") = "01.DMT.Models", "02.Models\01.DMT.Models\01.DMT.Models.csproj", "{7D584F0A-920F-4BE1-8652-3527FD7A5C27}"
EndProject
Project("{2150E333-8FDC-42A3-9474-1A3956D46DE8}") = "05.Controls", "05.Controls", "{BB1CB701-50CA-47E0-821C-0784411EEE2E}"
EndProject
Project("{2150E333-8FDC-42A3-9474-1A3956D46DE8}") = "03.WebServices", "03.WebServices", "{33BB3FBD-AA5E-423E-8A4E-C13B31C59613}"
EndProject
Project("{2150E333-8FDC-42A3-9474-1A3956D46DE8}") = "10.Tests", "10.Tests", "{340AD3B3-A936-47DE-B5CE-369A279619D1}"
EndProject
Project("{FAE04EC0-301F-11D3-BF4B-00C04F79EFBC}") = "01.SQLite.Net.Wpf.Sample", "10.Tests\01.SQLite.Net.Wpf.Sample\01.SQLite.Net.Wpf.Sample.csproj", "{EC7E4CDF-4B08-4CA2-9F67-0AAA316D75E4}"
EndProject
Project("{FAE04EC0-301F-11D3-BF4B-00C04F79EFBC}") = "02.DMT.Networks", "01Core\02.DMT.Networks\02.DMT.Networks.csproj", "{855917D7-7BA7-4F5B-958F-E365B35F64F1}"
EndProject
Project("{FAE04EC0-301F-11D3-BF4B-00C04F79EFBC}") = "03.DMT.Smartcard", "01Core\03.DMT.Smartcard\03.DMT.Smartcard.csproj", "{5148ED2A-41FA-409C-BB41-36806D98BF81}"
EndProject
Project("{2150E333-8FDC-42A3-9474-1A3956D46DE8}") = "11.Samples", "11.Samples", "{FB41FDA1-6661-4D9A-AF47-E4E717031461}"
EndProject
Project("{FAE04EC0-301F-11D3-BF4B-00C04F79EFBC}") = "SmartcardM1Test", "11.Samples\SmartcardM1Test\SmartcardM1Test.csproj", "{4C0B5727-1A0D-49AD-9BFE-BEE56DB81A53}"
EndProject
Project("{FAE04EC0-301F-11D3-BF4B-00C04F79EFBC}") = "02.WebSocketServerSample", "10.Tests\02.WebSocketServerSample\02.WebSocketServerSample.csproj", "{41CABA75-23E8-4744-B3A9-8D5ACE8FE26F}"
EndProject
Project("{FAE04EC0-301F-11D3-BF4B-00C04F79EFBC}") = "03.WebSocketClientSample", "10.Tests\03.WebSocketClientSample\03.WebSocketClientSample.csproj", "{E36D0D9B-20C7-4D66-9C13-5CFB7650805A}"
EndProject
Project("{FAE04EC0-301F-11D3-BF4B-00C04F79EFBC}") = "04.LocalWebServerFunctionTest", "10.Tests\04.LocalWebServerFunctionTest\04.LocalWebServerFunctionTest.csproj", "{83257B92-7C13-40CE-94AB-D0D13B89EBC4}"
EndProject
Project("{FAE04EC0-301F-11D3-BF4B-00C04F79EFBC}") = "05.LocalDbServerSample", "10.Tests\05.LocalDbServerSample\05.LocalDbServerSample.csproj", "{0FE47D9B-DB20-40E6-B8F1-B25B7BE4213E}"
EndProject
Project("{2150E333-8FDC-42A3-9474-1A3956D46DE8}") = "Examples", "Examples", "{73D84FF1-14AD-43DB-86FA-769E24E925B9}"
	ProjectSection(SolutionItems) = preProject
		Examples\MocRabbitMQ.cs = Examples\MocRabbitMQ.cs
	EndProjectSection
EndProject
Project("{FAE04EC0-301F-11D3-BF4B-00C04F79EFBC}") = "01.DMT.Controls", "05.Controls\01.DMT.Controls\01.DMT.Controls.csproj", "{AEED7B1C-4E56-4D44-BBD1-A936BE653D4D}"
EndProject
Project("{FAE04EC0-301F-11D3-BF4B-00C04F79EFBC}") = "04.DMT.TOD.App", "09.App\04.DMT.TOD.App\04.DMT.TOD.App.csproj", "{835688A1-A3A7-41BE-B85F-CCFA12D60A98}"
EndProject
Project("{FAE04EC0-301F-11D3-BF4B-00C04F79EFBC}") = "05.DMT.TA.App", "09.App\05.DMT.TA.App\05.DMT.TA.App.csproj", "{F23DE176-ECAA-4F92-898F-CF12091ED8C3}"
EndProject
Project("{FAE04EC0-301F-11D3-BF4B-00C04F79EFBC}") = "06.DMT.Plaza.Config.App", "09.App\06.DMT.Plaza.Config.App\06.DMT.Plaza.Config.App.csproj", "{5BB93B6E-6478-43CE-9067-53502E606002}"
EndProject
Project("{FAE04EC0-301F-11D3-BF4B-00C04F79EFBC}") = "07.DMT.Plaza.Simulator.App", "09.App\07.DMT.Plaza.Simulator.App\07.DMT.Plaza.Simulator.App.csproj", "{FF8B1C83-92EA-47D8-B4D4-C4E646F1A20C}"
EndProject
Project("{FAE04EC0-301F-11D3-BF4B-00C04F79EFBC}") = "02.DMT.DataCenter.WebClient", "03.WebServices\02.DMT.DataCenter.WebClient\02.DMT.DataCenter.WebClient.csproj", "{C4E43B21-4526-4FA8-B588-953B2259E72E}"
EndProject
Project("{FAE04EC0-301F-11D3-BF4B-00C04F79EFBC}") = "03.DMT.TAxTOD.WebClient", "03.WebServices\03.DMT.TAxTOD.WebClient\03.DMT.TAxTOD.WebClient.csproj", "{2175230B-9506-45EE-B3DD-E7B2BC5B3A73}"
EndProject
Project("{FAE04EC0-301F-11D3-BF4B-00C04F79EFBC}") = "04.DMT.Local.WebServer", "03.WebServices\04.DMT.Local.WebServer\04.DMT.Local.WebServer.csproj", "{6EB3BCEA-B7D7-4C5D-812E-E3AAB7292AA0}"
EndProject
Project("{FAE04EC0-301F-11D3-BF4B-00C04F79EFBC}") = "05.DMT.Local.WebClient", "03.WebServices\05.DMT.Local.WebClient\05.DMT.Local.WebClient.csproj", "{0040F19E-4885-4267-9404-61C8DC150F5F}"
EndProject
Project("{FAE04EC0-301F-11D3-BF4B-00C04F79EFBC}") = "01.DMT.Common.WebClient", "03.WebServices\01.DMT.Common.WebClient\01.DMT.Common.WebClient.csproj", "{26BA4314-6B80-4A59-9E0D-7C29919BBC6F}"
EndProject
Project("{FAE04EC0-301F-11D3-BF4B-00C04F79EFBC}") = "06.MD5Sample", "10.Tests\06.MD5Sample\06.MD5Sample.csproj", "{9A757BC3-A5C5-4C35-81AA-2001D364A4C8}"
EndProject
Project("{FAE04EC0-301F-11D3-BF4B-00C04F79EFBC}") = "03.DMT.Local.Plaza.Windows.Services", "09.App\03.DMT.Local.Plaza.Windows.Services\03.DMT.Local.Plaza.Windows.Services.csproj", "{0B6AA1E6-3657-43ED-8297-4ED57A076209}"
EndProject
Project("{FAE04EC0-301F-11D3-BF4B-00C04F79EFBC}") = "01.DMT.Data.Center.Workbench", "09.App\01.DMT.Data.Center.Workbench\01.DMT.Data.Center.Workbench.csproj", "{06B25322-E551-4722-BD97-49C268EBEE5E}"
EndProject
Global
	GlobalSection(SolutionConfigurationPlatforms) = preSolution
		Debug|Any CPU = Debug|Any CPU
		Release|Any CPU = Release|Any CPU
	EndGlobalSection
	GlobalSection(ProjectConfigurationPlatforms) = postSolution
		{41A9D6C0-C833-403F-9BC1-EECDC246A428}.Debug|Any CPU.ActiveCfg = Debug|Any CPU
		{41A9D6C0-C833-403F-9BC1-EECDC246A428}.Debug|Any CPU.Build.0 = Debug|Any CPU
		{41A9D6C0-C833-403F-9BC1-EECDC246A428}.Release|Any CPU.ActiveCfg = Release|Any CPU
		{41A9D6C0-C833-403F-9BC1-EECDC246A428}.Release|Any CPU.Build.0 = Release|Any CPU
		{5879D92A-F850-4A70-8D88-99D29F6A46F3}.Debug|Any CPU.ActiveCfg = Debug|Any CPU
		{5879D92A-F850-4A70-8D88-99D29F6A46F3}.Debug|Any CPU.Build.0 = Debug|Any CPU
		{5879D92A-F850-4A70-8D88-99D29F6A46F3}.Release|Any CPU.ActiveCfg = Release|Any CPU
		{5879D92A-F850-4A70-8D88-99D29F6A46F3}.Release|Any CPU.Build.0 = Release|Any CPU
		{DB7FB4B5-3662-479E-A7DA-26B73611BFD4}.Debug|Any CPU.ActiveCfg = Debug|Any CPU
		{DB7FB4B5-3662-479E-A7DA-26B73611BFD4}.Debug|Any CPU.Build.0 = Debug|Any CPU
		{DB7FB4B5-3662-479E-A7DA-26B73611BFD4}.Release|Any CPU.ActiveCfg = Release|Any CPU
		{DB7FB4B5-3662-479E-A7DA-26B73611BFD4}.Release|Any CPU.Build.0 = Release|Any CPU
		{7D584F0A-920F-4BE1-8652-3527FD7A5C27}.Debug|Any CPU.ActiveCfg = Debug|Any CPU
		{7D584F0A-920F-4BE1-8652-3527FD7A5C27}.Debug|Any CPU.Build.0 = Debug|Any CPU
		{7D584F0A-920F-4BE1-8652-3527FD7A5C27}.Release|Any CPU.ActiveCfg = Release|Any CPU
		{7D584F0A-920F-4BE1-8652-3527FD7A5C27}.Release|Any CPU.Build.0 = Release|Any CPU
		{EC7E4CDF-4B08-4CA2-9F67-0AAA316D75E4}.Debug|Any CPU.ActiveCfg = Debug|Any CPU
		{EC7E4CDF-4B08-4CA2-9F67-0AAA316D75E4}.Debug|Any CPU.Build.0 = Debug|Any CPU
		{EC7E4CDF-4B08-4CA2-9F67-0AAA316D75E4}.Release|Any CPU.ActiveCfg = Release|Any CPU
		{EC7E4CDF-4B08-4CA2-9F67-0AAA316D75E4}.Release|Any CPU.Build.0 = Release|Any CPU
		{855917D7-7BA7-4F5B-958F-E365B35F64F1}.Debug|Any CPU.ActiveCfg = Debug|Any CPU
		{855917D7-7BA7-4F5B-958F-E365B35F64F1}.Debug|Any CPU.Build.0 = Debug|Any CPU
		{855917D7-7BA7-4F5B-958F-E365B35F64F1}.Release|Any CPU.ActiveCfg = Release|Any CPU
		{855917D7-7BA7-4F5B-958F-E365B35F64F1}.Release|Any CPU.Build.0 = Release|Any CPU
		{5148ED2A-41FA-409C-BB41-36806D98BF81}.Debug|Any CPU.ActiveCfg = Debug|Any CPU
		{5148ED2A-41FA-409C-BB41-36806D98BF81}.Debug|Any CPU.Build.0 = Debug|Any CPU
		{5148ED2A-41FA-409C-BB41-36806D98BF81}.Release|Any CPU.ActiveCfg = Release|Any CPU
		{5148ED2A-41FA-409C-BB41-36806D98BF81}.Release|Any CPU.Build.0 = Release|Any CPU
		{4C0B5727-1A0D-49AD-9BFE-BEE56DB81A53}.Debug|Any CPU.ActiveCfg = Debug|Any CPU
		{4C0B5727-1A0D-49AD-9BFE-BEE56DB81A53}.Debug|Any CPU.Build.0 = Debug|Any CPU
		{4C0B5727-1A0D-49AD-9BFE-BEE56DB81A53}.Release|Any CPU.ActiveCfg = Release|Any CPU
		{4C0B5727-1A0D-49AD-9BFE-BEE56DB81A53}.Release|Any CPU.Build.0 = Release|Any CPU
		{41CABA75-23E8-4744-B3A9-8D5ACE8FE26F}.Debug|Any CPU.ActiveCfg = Debug|Any CPU
		{41CABA75-23E8-4744-B3A9-8D5ACE8FE26F}.Debug|Any CPU.Build.0 = Debug|Any CPU
		{41CABA75-23E8-4744-B3A9-8D5ACE8FE26F}.Release|Any CPU.ActiveCfg = Release|Any CPU
		{41CABA75-23E8-4744-B3A9-8D5ACE8FE26F}.Release|Any CPU.Build.0 = Release|Any CPU
		{E36D0D9B-20C7-4D66-9C13-5CFB7650805A}.Debug|Any CPU.ActiveCfg = Debug|Any CPU
		{E36D0D9B-20C7-4D66-9C13-5CFB7650805A}.Debug|Any CPU.Build.0 = Debug|Any CPU
		{E36D0D9B-20C7-4D66-9C13-5CFB7650805A}.Release|Any CPU.ActiveCfg = Release|Any CPU
		{E36D0D9B-20C7-4D66-9C13-5CFB7650805A}.Release|Any CPU.Build.0 = Release|Any CPU
		{83257B92-7C13-40CE-94AB-D0D13B89EBC4}.Debug|Any CPU.ActiveCfg = Debug|Any CPU
		{83257B92-7C13-40CE-94AB-D0D13B89EBC4}.Debug|Any CPU.Build.0 = Debug|Any CPU
		{83257B92-7C13-40CE-94AB-D0D13B89EBC4}.Release|Any CPU.ActiveCfg = Release|Any CPU
		{83257B92-7C13-40CE-94AB-D0D13B89EBC4}.Release|Any CPU.Build.0 = Release|Any CPU
		{0FE47D9B-DB20-40E6-B8F1-B25B7BE4213E}.Debug|Any CPU.ActiveCfg = Debug|Any CPU
		{0FE47D9B-DB20-40E6-B8F1-B25B7BE4213E}.Debug|Any CPU.Build.0 = Debug|Any CPU
		{0FE47D9B-DB20-40E6-B8F1-B25B7BE4213E}.Release|Any CPU.ActiveCfg = Release|Any CPU
		{0FE47D9B-DB20-40E6-B8F1-B25B7BE4213E}.Release|Any CPU.Build.0 = Release|Any CPU
		{AEED7B1C-4E56-4D44-BBD1-A936BE653D4D}.Debug|Any CPU.ActiveCfg = Debug|Any CPU
		{AEED7B1C-4E56-4D44-BBD1-A936BE653D4D}.Debug|Any CPU.Build.0 = Debug|Any CPU
		{AEED7B1C-4E56-4D44-BBD1-A936BE653D4D}.Release|Any CPU.ActiveCfg = Release|Any CPU
		{AEED7B1C-4E56-4D44-BBD1-A936BE653D4D}.Release|Any CPU.Build.0 = Release|Any CPU
		{835688A1-A3A7-41BE-B85F-CCFA12D60A98}.Debug|Any CPU.ActiveCfg = Debug|Any CPU
		{835688A1-A3A7-41BE-B85F-CCFA12D60A98}.Debug|Any CPU.Build.0 = Debug|Any CPU
		{835688A1-A3A7-41BE-B85F-CCFA12D60A98}.Release|Any CPU.ActiveCfg = Release|Any CPU
		{835688A1-A3A7-41BE-B85F-CCFA12D60A98}.Release|Any CPU.Build.0 = Release|Any CPU
		{F23DE176-ECAA-4F92-898F-CF12091ED8C3}.Debug|Any CPU.ActiveCfg = Debug|Any CPU
		{F23DE176-ECAA-4F92-898F-CF12091ED8C3}.Debug|Any CPU.Build.0 = Debug|Any CPU
		{F23DE176-ECAA-4F92-898F-CF12091ED8C3}.Release|Any CPU.ActiveCfg = Release|Any CPU
		{F23DE176-ECAA-4F92-898F-CF12091ED8C3}.Release|Any CPU.Build.0 = Release|Any CPU
		{5BB93B6E-6478-43CE-9067-53502E606002}.Debug|Any CPU.ActiveCfg = Debug|Any CPU
		{5BB93B6E-6478-43CE-9067-53502E606002}.Debug|Any CPU.Build.0 = Debug|Any CPU
		{5BB93B6E-6478-43CE-9067-53502E606002}.Release|Any CPU.ActiveCfg = Release|Any CPU
		{5BB93B6E-6478-43CE-9067-53502E606002}.Release|Any CPU.Build.0 = Release|Any CPU
		{FF8B1C83-92EA-47D8-B4D4-C4E646F1A20C}.Debug|Any CPU.ActiveCfg = Debug|Any CPU
		{FF8B1C83-92EA-47D8-B4D4-C4E646F1A20C}.Debug|Any CPU.Build.0 = Debug|Any CPU
		{FF8B1C83-92EA-47D8-B4D4-C4E646F1A20C}.Release|Any CPU.ActiveCfg = Release|Any CPU
		{FF8B1C83-92EA-47D8-B4D4-C4E646F1A20C}.Release|Any CPU.Build.0 = Release|Any CPU
		{C4E43B21-4526-4FA8-B588-953B2259E72E}.Debug|Any CPU.ActiveCfg = Debug|Any CPU
		{C4E43B21-4526-4FA8-B588-953B2259E72E}.Debug|Any CPU.Build.0 = Debug|Any CPU
		{C4E43B21-4526-4FA8-B588-953B2259E72E}.Release|Any CPU.ActiveCfg = Release|Any CPU
		{C4E43B21-4526-4FA8-B588-953B2259E72E}.Release|Any CPU.Build.0 = Release|Any CPU
		{2175230B-9506-45EE-B3DD-E7B2BC5B3A73}.Debug|Any CPU.ActiveCfg = Debug|Any CPU
		{2175230B-9506-45EE-B3DD-E7B2BC5B3A73}.Debug|Any CPU.Build.0 = Debug|Any CPU
		{2175230B-9506-45EE-B3DD-E7B2BC5B3A73}.Release|Any CPU.ActiveCfg = Release|Any CPU
		{2175230B-9506-45EE-B3DD-E7B2BC5B3A73}.Release|Any CPU.Build.0 = Release|Any CPU
		{6EB3BCEA-B7D7-4C5D-812E-E3AAB7292AA0}.Debug|Any CPU.ActiveCfg = Debug|Any CPU
		{6EB3BCEA-B7D7-4C5D-812E-E3AAB7292AA0}.Debug|Any CPU.Build.0 = Debug|Any CPU
		{6EB3BCEA-B7D7-4C5D-812E-E3AAB7292AA0}.Release|Any CPU.ActiveCfg = Release|Any CPU
		{6EB3BCEA-B7D7-4C5D-812E-E3AAB7292AA0}.Release|Any CPU.Build.0 = Release|Any CPU
		{0040F19E-4885-4267-9404-61C8DC150F5F}.Debug|Any CPU.ActiveCfg = Debug|Any CPU
		{0040F19E-4885-4267-9404-61C8DC150F5F}.Debug|Any CPU.Build.0 = Debug|Any CPU
		{0040F19E-4885-4267-9404-61C8DC150F5F}.Release|Any CPU.ActiveCfg = Release|Any CPU
		{0040F19E-4885-4267-9404-61C8DC150F5F}.Release|Any CPU.Build.0 = Release|Any CPU
		{26BA4314-6B80-4A59-9E0D-7C29919BBC6F}.Debug|Any CPU.ActiveCfg = Debug|Any CPU
		{26BA4314-6B80-4A59-9E0D-7C29919BBC6F}.Debug|Any CPU.Build.0 = Debug|Any CPU
		{26BA4314-6B80-4A59-9E0D-7C29919BBC6F}.Release|Any CPU.ActiveCfg = Release|Any CPU
		{26BA4314-6B80-4A59-9E0D-7C29919BBC6F}.Release|Any CPU.Build.0 = Release|Any CPU
		{9A757BC3-A5C5-4C35-81AA-2001D364A4C8}.Debug|Any CPU.ActiveCfg = Debug|Any CPU
		{9A757BC3-A5C5-4C35-81AA-2001D364A4C8}.Debug|Any CPU.Build.0 = Debug|Any CPU
		{9A757BC3-A5C5-4C35-81AA-2001D364A4C8}.Release|Any CPU.ActiveCfg = Release|Any CPU
		{9A757BC3-A5C5-4C35-81AA-2001D364A4C8}.Release|Any CPU.Build.0 = Release|Any CPU
		{0B6AA1E6-3657-43ED-8297-4ED57A076209}.Debug|Any CPU.ActiveCfg = Debug|Any CPU
		{0B6AA1E6-3657-43ED-8297-4ED57A076209}.Debug|Any CPU.Build.0 = Debug|Any CPU
		{0B6AA1E6-3657-43ED-8297-4ED57A076209}.Release|Any CPU.ActiveCfg = Release|Any CPU
		{0B6AA1E6-3657-43ED-8297-4ED57A076209}.Release|Any CPU.Build.0 = Release|Any CPU
		{06B25322-E551-4722-BD97-49C268EBEE5E}.Debug|Any CPU.ActiveCfg = Debug|Any CPU
		{06B25322-E551-4722-BD97-49C268EBEE5E}.Debug|Any CPU.Build.0 = Debug|Any CPU
		{06B25322-E551-4722-BD97-49C268EBEE5E}.Release|Any CPU.ActiveCfg = Release|Any CPU
		{06B25322-E551-4722-BD97-49C268EBEE5E}.Release|Any CPU.Build.0 = Release|Any CPU
	EndGlobalSection
	GlobalSection(SolutionProperties) = preSolution
		HideSolutionNode = FALSE
	EndGlobalSection
	GlobalSection(NestedProjects) = preSolution
		{41A9D6C0-C833-403F-9BC1-EECDC246A428} = {2631F465-25BD-488C-BDB2-6DE2B4FEFF0D}
		{5879D92A-F850-4A70-8D88-99D29F6A46F3} = {2631F465-25BD-488C-BDB2-6DE2B4FEFF0D}
		{C3A3E044-AB53-4F9D-B3AA-8EA78E7BC08C} = {F46B6CD8-40ED-4CCB-A71B-16737D42CCAF}
		{679D1294-4B7B-414B-BF10-45F8A5C812D7} = {F46B6CD8-40ED-4CCB-A71B-16737D42CCAF}
		{4D2D824C-239D-412E-BF53-6E6D24EB61BB} = {C3A3E044-AB53-4F9D-B3AA-8EA78E7BC08C}
		{DB7FB4B5-3662-479E-A7DA-26B73611BFD4} = {E919342E-35FF-47EA-ACEB-D38EB96AC064}
		{7D584F0A-920F-4BE1-8652-3527FD7A5C27} = {707C6726-0547-4B0A-910B-99288C2D59CF}
		{EC7E4CDF-4B08-4CA2-9F67-0AAA316D75E4} = {340AD3B3-A936-47DE-B5CE-369A279619D1}
		{855917D7-7BA7-4F5B-958F-E365B35F64F1} = {E919342E-35FF-47EA-ACEB-D38EB96AC064}
		{5148ED2A-41FA-409C-BB41-36806D98BF81} = {E919342E-35FF-47EA-ACEB-D38EB96AC064}
		{4C0B5727-1A0D-49AD-9BFE-BEE56DB81A53} = {FB41FDA1-6661-4D9A-AF47-E4E717031461}
		{41CABA75-23E8-4744-B3A9-8D5ACE8FE26F} = {340AD3B3-A936-47DE-B5CE-369A279619D1}
		{E36D0D9B-20C7-4D66-9C13-5CFB7650805A} = {340AD3B3-A936-47DE-B5CE-369A279619D1}
		{83257B92-7C13-40CE-94AB-D0D13B89EBC4} = {340AD3B3-A936-47DE-B5CE-369A279619D1}
		{0FE47D9B-DB20-40E6-B8F1-B25B7BE4213E} = {340AD3B3-A936-47DE-B5CE-369A279619D1}
		{AEED7B1C-4E56-4D44-BBD1-A936BE653D4D} = {BB1CB701-50CA-47E0-821C-0784411EEE2E}
		{835688A1-A3A7-41BE-B85F-CCFA12D60A98} = {34695A19-B2CE-4D84-ABC4-AFFB9E431B78}
		{F23DE176-ECAA-4F92-898F-CF12091ED8C3} = {34695A19-B2CE-4D84-ABC4-AFFB9E431B78}
		{5BB93B6E-6478-43CE-9067-53502E606002} = {34695A19-B2CE-4D84-ABC4-AFFB9E431B78}
		{FF8B1C83-92EA-47D8-B4D4-C4E646F1A20C} = {34695A19-B2CE-4D84-ABC4-AFFB9E431B78}
		{C4E43B21-4526-4FA8-B588-953B2259E72E} = {33BB3FBD-AA5E-423E-8A4E-C13B31C59613}
		{2175230B-9506-45EE-B3DD-E7B2BC5B3A73} = {33BB3FBD-AA5E-423E-8A4E-C13B31C59613}
		{6EB3BCEA-B7D7-4C5D-812E-E3AAB7292AA0} = {33BB3FBD-AA5E-423E-8A4E-C13B31C59613}
		{0040F19E-4885-4267-9404-61C8DC150F5F} = {33BB3FBD-AA5E-423E-8A4E-C13B31C59613}
		{26BA4314-6B80-4A59-9E0D-7C29919BBC6F} = {33BB3FBD-AA5E-423E-8A4E-C13B31C59613}
		{9A757BC3-A5C5-4C35-81AA-2001D364A4C8} = {340AD3B3-A936-47DE-B5CE-369A279619D1}
		{0B6AA1E6-3657-43ED-8297-4ED57A076209} = {34695A19-B2CE-4D84-ABC4-AFFB9E431B78}
		{06B25322-E551-4722-BD97-49C268EBEE5E} = {34695A19-B2CE-4D84-ABC4-AFFB9E431B78}
	EndGlobalSection
	GlobalSection(ExtensibilityGlobals) = postSolution
		SolutionGuid = {3BFB056C-BEA2-46BD-B006-6BD410AF18BC}
	EndGlobalSection
EndGlobal
